
Microsoft Visual Studio Solution File, Format Version 12.00
# Visual Studio Version 16
VisualStudioVersion = 16.0.30611.23
MinimumVisualStudioVersion = 10.0.40219.1
Project("{FAE04EC0-301F-11D3-BF4B-00C04F79EFBC}") = "Test", "Test/Test.csproj", "{7DDC1827-D003-4F7E-B1C7-7D6086F69421}"
EndProject
Global
	GlobalSection(SolutionConfigurationPlatforms) = preSolution
		Debug|Any CPU = Debug|Any CPU
		Release|Any CPU = Release|Any CPU
	EndGlobalSection
	GlobalSection(ProjectConfigurationPlatforms) = postSolution
		{7DDC1827-D003-4F7E-B1C7-7D6086F69421}.Debug|Any CPU.ActiveCfg = Debug|Any CPU
		{7DDC1827-D003-4F7E-B1C7-7D6086F69421}.Debug|Any CPU.Build.0 = Debug|Any CPU
		{7DDC1827-D003-4F7E-B1C7-7D6086F69421}.Release|Any CPU.ActiveCfg = Release|Any CPU
		{7DDC1827-D003-4F7E-B1C7-7D6086F69421}.Release|Any CPU.Build.0 = Release|Any CPU
	EndGlobalSection
	GlobalSection(SolutionProperties) = preSolution
		HideSolutionNode = FALSE
	EndGlobalSection
	GlobalSection(ExtensibilityGlobals) = postSolution
		SolutionGuid = {A35FB7AD-58B9-45EF-8140-D2F33E52002B}
	EndGlobalSection
EndGlobal
